<?xml version="1.0" encoding="utf-8"?>
<Project ToolsVersion="17.0" xmlns="http://schemas.microsoft.com/developer/msbuild/2003">
  <ItemGroup>
    <CustomBuild Include="H:\PROJECTS\Fiverr\Rocket Plugin\The Rocket\build_juce\CMakeFiles\4a515ff54f58ecb07be50754037fdc96\TheRocket_resources.rc.rule">
      <Filter>CMake Rules</Filter>
    </CustomBuild>
    <CustomBuild Include="H:\PROJECTS\Fiverr\Rocket Plugin\The Rocket\CMakeLists.txt" />
  </ItemGroup>
  <ItemGroup>
    <ResourceCompile Include="H:\PROJECTS\Fiverr\Rocket Plugin\The Rocket\build_juce\TheRocket_artefacts\JuceLibraryCode\TheRocket_resources.rc">
      <Filter>Source Files</Filter>
    </ResourceCompile>
  </ItemGroup>
  <ItemGroup>
    <Filter Include="CMake Rules">
      <UniqueIdentifier>{0E5B05DD-C859-396C-8724-4405616A57F5}</UniqueIdentifier>
    </Filter>
    <Filter Include="Source Files">
      <UniqueIdentifier>{9B81BBC8-3639-3474-A901-F4DC17F46044}</UniqueIdentifier>
    </Filter>
  </ItemGroup>
</Project>
