<?xml version="1.0" encoding="utf-8"?>
<Project ToolsVersion="17.0" xmlns="http://schemas.microsoft.com/developer/msbuild/2003">
  <ItemGroup>
    <CustomBuild Include="H:\PROJECTS\Fiverr\Rocket Plugin\The Rocket\build_check3\CMakeFiles\6dcb697252dc6a150ed9bd8f33d19f4e\generate.stamp.rule">
      <Filter>CMake Rules</Filter>
    </CustomBuild>
  </ItemGroup>
  <ItemGroup>
    <Filter Include="CMake Rules">
      <UniqueIdentifier>{2E7E7EDA-32FA-3533-A3D5-6621D24A4EA8}</UniqueIdentifier>
    </Filter>
  </ItemGroup>
</Project>
